
Microsoft Visual Studio Solution File, Format Version 12.00
# Visual Studio Version 16
VisualStudioVersion = 16.0.29326.143
MinimumVisualStudioVersion = 10.0.40219.1
Project("{FAE04EC0-301F-11D3-BF4B-00C04F79EFBC}") = "ZooAnimals", "ZooAnimals\ZooAnimals.csproj", "{7B24381D-F688-4B5D-BA5B-F065B3A1FAA9}"
EndProject
Global
	GlobalSection(SolutionConfigurationPlatforms) = preSolution
		Debug|Any CPU = Debug|Any CPU
		Release|Any CPU = Release|Any CPU
	EndGlobalSection
	GlobalSection(ProjectConfigurationPlatforms) = postSolution
		{7B24381D-F688-4B5D-BA5B-F065B3A1FAA9}.Debug|Any CPU.ActiveCfg = Debug|Any CPU
		{7B24381D-F688-4B5D-BA5B-F065B3A1FAA9}.Debug|Any CPU.Build.0 = Debug|Any CPU
		{7B24381D-F688-4B5D-BA5B-F065B3A1FAA9}.Release|Any CPU.ActiveCfg = Release|Any CPU
		{7B24381D-F688-4B5D-BA5B-F065B3A1FAA9}.Release|Any CPU.Build.0 = Release|Any CPU
	EndGlobalSection
	GlobalSection(SolutionProperties) = preSolution
		HideSolutionNode = FALSE
	EndGlobalSection
	GlobalSection(ExtensibilityGlobals) = postSolution
		SolutionGuid = {3EDC7F9A-241B-469E-A3E2-2F646249EB4C}
	EndGlobalSection
EndGlobal
